{
  "name": "nrj-marketplace",
  "version": "1.0.0",
  "lockfileVersion": 3,
  "requires": true,
  "packages": {
    "": {
      "name": "nrj-marketplace",
      "version": "1.0.0",
      "dependencies": {
        "@supabase/supabase-js": "^2"
      },
      "devDependencies": {
        "vite": "^5"
      }
    },
    "node_modules/@jridgewell/gen-mapping": {
      "version": "0.3.5",
      "resolved": "https://registry.npmjs.org/@jridgewell/gen-mapping/-/gen-mapping-0.3.5.tgz",
      "integrity": "sha512-IzL8ZoEDIBRWEzlCcRhOaCuptktk+n6qqMstY6oJvstRf/p4Z5APHoZeAbg42bJvxuJLMoWQ9ODzlQt6P9P+wQ==",
      "dev": true,
      "dependencies": {
        "@jridgewell/resolve-uri": "^3.1.0",
        "@jridgewell/sourcemap-codec": "^1.4.14"
      }
    },
    "node_modules/@jridgewell/resolve-uri": {
      "version": "3.1.2",
      "resolved": "https://registry.npmjs.org/@jridgewell/resolve-uri/-/resolve-uri-3.1.2.tgz",
      "integrity": "sha512-bRISgCIjP20/tb2VevORZQQEWZTKWyi3zDgx0T0jYRvmrKSgdwwwnyK57zt7L0BqpVzV0dYlfQVrTvtOX+yLw=="
    },
    "node_modules/@jridgewell/sourcemap-codec": {
      "version": "1.5.0",
      "resolved": "https://registry.npmjs.org/@jridgewell/sourcemap-codec/-/sourcemap-codec-1.5.0.tgz",
      "integrity": "sha512-gv3ZRaISLMENYojLAL6DwNKYvW7HVLtkGq3OxWZJ5gvxRrX1gfNdUk8F0Jf4yX+VKcfnBo1F4vj7k3dMu6e8Qw=="
    },
    "node_modules/@jridgewell/trace-mapping": {
      "version": "0.3.25",
      "resolved": "https://registry.npmjs.org/@jridgewell/trace-mapping/-/trace-mapping-0.3.25.tgz",
      "integrity": "sha512-vNk6aEwybGtawWmy/PzwnGDOjCkLWSD2d7CVHxHwQsr5aLrQNQfrW3dJpsr4mLEl8fYQD6ehrqip+xw3+mdfDA==",
      "dev": true,
      "dependencies": {
        "@jridgewell/resolve-uri": "^3.1.0",
        "@jridgewell/sourcemap-codec": "^1.4.14"
      }
    },
    "node_modules/@supabase/auth-js": {
      "version": "2.64.3",
      "resolved": "https://registry.npmjs.org/@supabase/auth-js/-/auth-js-2.64.3.tgz",
      "integrity": "sha512-5bCQnXFfSVvpvVwRrgCGI7u5Xk6rHmFYrFa0mqOvMQDc7aYxHWnXlE0t8k/4TqGYPmDDfR6oOsLKr6h0lbHUVA=="
    },
    "node_modules/@supabase/functions-js": {
      "version": "2.4.1",
      "resolved": "https://registry.npmjs.org/@supabase/functions-js/-/functions-js-2.4.1.tgz",
      "integrity": "sha512-5nR4eHuH2lbCKwOdwRSLcUh1Y5r7RhzaFyqg6OPvSKwEr0rJrQYDsAW7BhqNLN3sKJvtDR0bGU3O8fNqxkv7SA=="
    },
    "node_modules/@supabase/postgrest-js": {
      "version": "1.15.1",
      "resolved": "https://registry.npmjs.org/@supabase/postgrest-js/-/postgrest-js-1.15.1.tgz",
      "integrity": "sha512-DTYgVqKOxExyB4aFQh96dBu1F8MwCMjLfvCc9Wl6l8HqFqYq5T8tCnAzFOCcPNvHMZN7ynV3bQlBCxNx1Lj9gQ=="
    },
    "node_modules/@supabase/realtime-js": {
      "version": "2.10.0",
      "resolved": "https://registry.npmjs.org/@supabase/realtime-js/-/realtime-js-2.10.0.tgz",
      "integrity": "sha512-hG9Vc4v8jPTL1kJMnNPuI3SEXNzPTsN3MzHy1L/PN5UDqEV7RVz0Q0Wf/PXLT6LEgSq0g6v3h+iAYILz+/r0g=="
    },
    "node_modules/@supabase/storage-js": {
      "version": "2.7.0",
      "resolved": "https://registry.npmjs.org/@supabase/storage-js/-/storage-js-2.7.0.tgz",
      "integrity": "sha512-OchQjAYWc8M+T9ggDNqI3r/Dz3k3JxYgZmMXp9qWgSk6B6ztNS9Np7vt/0nM1wPWHxO/VhJVT9wqUhIUfN/Yw=="
    },
    "node_modules/@supabase/supabase-js": {
      "version": "2.43.4",
      "resolved": "https://registry.npmjs.org/@supabase/supabase-js/-/supabase-js-2.43.4.tgz",
      "integrity": "sha512-r8K3VZGCdUyaBlFmKqJhZFMNsWCCKy0SLdTVKDPEQ/8qhL9RJgHmr3Nj+p9Q+I1Y7dTNGRLG8ZUYP3uM5pKV3Xw==",
      "dependencies": {
        "@supabase/auth-js": "^2.64.3",
        "@supabase/functions-js": "^2.4.1",
        "@supabase/postgrest-js": "^1.15.0",
        "@supabase/realtime-js": "^2.10.0",
        "@supabase/storage-js": "^2.7.0"
      }
    },
    "node_modules/@types/estree": {
      "version": "1.0.6",
      "resolved": "https://registry.npmjs.org/@types/estree/-/estree-1.0.6.tgz",
      "integrity": "sha512-AYM15+28W7QiM+AQ0VfkiVcIGlxuDsQujU0Ck6/tL2qhCyVrmDXV7YPwV6/jpM3XRg9bIdBLRByc5zNRIllFQ==",
      "dev": true
    },
    "node_modules/esbuild": {
      "version": "0.24.0",
      "resolved": "https://registry.npmjs.org/esbuild/-/esbuild-0.24.0.tgz",
      "integrity": "sha512-FDccA4DEd5p3K2Z/YAg5e2s8ySI9fRs6dPLGRj7D1qJH5pJSOwvXXY+VqzhCGpxawyJYvwfJQvFZ0+CXcbhbQ==",
      "dev": true,
      "hasInstallScript": true,
      "bin": {
        "esbuild": "bin/esbuild"
      },
      "engines": {
        "node": ">=18"
      }
    },
    "node_modules/estree-walker": {
      "version": "2.0.2",
      "resolved": "https://registry.npmjs.org/estree-walker/-/estree-walker-2.0.2.tgz",
      "integrity": "sha512-Jxv+CxkZlv6t3tndrF7iJ9K2yrEKHSMn+2E+rqa6OnSJwIrwkGjas6ZBDel7jCQM5PW+utHUbNHZ3qCTUVzgw==",
      "dev": true
    },
    "node_modules/is-reference": {
      "version": "1.2.2",
      "resolved": "https://registry.npmjs.org/is-reference/-/is-reference-1.2.2.tgz",
      "integrity": "sha512-wvUjBtSGN7+2EjNCJB+/56IbKyLowKVJw4gvPp46GzCvzDJtCEAJwxVx+D3uyE9RJe4Wfvsr8pzXZBA5tKQRbA==",
      "dev": true,
      "dependencies": {
        "@types/estree": "*"
      }
    },
    "node_modules/nanoid": {
      "version": "3.3.7",
      "resolved": "https://registry.npmjs.org/nanoid/-/nanoid-3.3.7.tgz",
      "integrity": "sha512-eSRppjcPIatRIMC1U2UsosteQJVt1qS42oumv8ErzHkqmY0-4NBiCqR1WznRqpYQ93UqMUesSUnqazQy5rUvw==",
      "dev": true,
      "bin": {
        "nanoid": "bin/nanoid.js"
      },
      "engines": {
        "node": "^10 || ^12 || ^13.7 || ^14 || >=15.0.1"
      }
    },
    "node_modules/picocolors": {
      "version": "1.0.1",
      "resolved": "https://registry.npmjs.org/picocolors/-/picocolors-1.0.1.tgz",
      "integrity": "sha512-anP1Z8qwhkbmu7MJVIYsifLvTn/Fbre9kect9UCPtMCHA04XhwfBOToGWJg2dH0KittPZA7pPQobnewmENecVmQ==",
      "dev": true
    },
    "node_modules/postcss": {
      "version": "8.4.47",
      "resolved": "https://registry.npmjs.org/postcss/-/postcss-8.4.47.tgz",
      "integrity": "sha512-56rxCq7G8agfo8uIKznBKuc9n8hRwomWamKAX4BVInfl0tWFI+O8LSHndClw3FSod3f17esgMCEizBW820yy5w==",
      "dev": true,
      "dependencies": {
        "nanoid": "^3.3.7",
        "picocolors": "^1.0.1",
        "source-map": "^0.6.1"
      },
      "engines": {
        "node": "^10 || ^12 || >=14"
      }
    },
    "node_modules/rollup": {
      "version": "4.21.3",
      "resolved": "https://registry.npmjs.org/rollup/-/rollup-4.21.3.tgz",
      "integrity": "sha512-3CD9EjyYBBI6bkB1K4pRTgj6pV3d0pFxr2MHvuJWl+XFNn7sVcPpI2JbcXWfH8kTI7G/k+U7H7pCMdNr3tTtJg==",
      "dev": true,
      "dependencies": {
        "@jridgewell/gen-mapping": "^0.3.5",
        "@jridgewell/trace-mapping": "^0.3.25",
        "@types/estree": "1.0.6",
        "estree-walker": "^2.0.2",
        "is-reference": "^1.2.2"
      },
      "bin": {
        "rollup": "dist/bin/rollup"
      },
      "engines": {
        "node": ">=18.0.0",
        "npm": ">=8.0.0"
      }
    },
    "node_modules/source-map": {
      "version": "0.6.1",
      "resolved": "https://registry.npmjs.org/source-map/-/source-map-0.6.1.tgz",
      "integrity": "sha512-UjgapumWlAMkcvAnzunZf1d/GzIPSey5GbOHwMD6+K1ETFJAwhk0F7FjWires6qwoQa5PlrShuaXHQMMjJjZuw==",
      "dev": true,
      "engines": {
        "node": ">=0.10.0"
      }
    },
    "node_modules/vite": {
      "version": "5.4.10",
      "resolved": "https://registry.npmjs.org/vite/-/vite-5.4.10.tgz",
      "integrity": "sha512-ICcuuB/E3qJLXP9FJ1kJvoxkTVAGnzDy5wCr2L9w7W3CW/1HQMHK7IY0JC2KiFXLGXuOVpOGbYU6+3EfxgH0Xw==",
      "dev": true,
      "bin": {
        "vite": "bin/vite.js"
      },
      "dependencies": {
        "esbuild": "^0.24.0",
        "postcss": "^8.4.47",
        "rollup": "^4.21.0"
      },
      "engines": {
        "node": "^18.0.0 || >=20.0.0"
      }
    }
  }
}
