{
  "name": "nrj-marketplace",
  "version": "1.0.0",
  "lockfileVersion": 3,
  "requires": true,
  "packages": {
    "": {
      "name": "nrj-marketplace",
      "version": "1.0.0",
      "dependencies": {
        "@supabase/supabase-js": "^2"
      },
      "devDependencies": {
        "vite": "^5"
      }
    },
    "node_modules/@supabase/supabase-js": {
      "version": "2.43.4",
      "resolved": "https://registry.npmjs.org/@supabase/supabase-js/-/supabase-js-2.43.4.tgz",
      "integrity": "sha512-r8K3VZGCdUyaBlFmKqJhZFMNsWCCKy0SLdTVKDPEQ/8qhL9RJgHmr3Nj+p9Q+I1Y7dTNGRLG8ZUYP3uM5pKV3Xw==",
      "dependencies": {
        "@supabase/auth-js": "^2.64.3",
        "@supabase/functions-js": "^2.4.1",
        "@supabase/postgrest-js": "^1.15.0",
        "@supabase/realtime-js": "^2.10.0",
        "@supabase/storage-js": "^2.7.0"
      }
    },
    "node_modules/@supabase/auth-js": {
      "version": "2.64.3",
      "resolved": "https://registry.npmjs.org/@supabase/auth-js/-/auth-js-2.64.3.tgz",
      "integrity": "sha512-5bCQnXFfSVvpvVwRrgCGI7u5Xk6rHmFYrFa0mqOvMQDc7aYxHWnXlE0t8k/4TqGYPmDDfR6oOsLKr6h0lbHUVA=="
    },
    "node_modules/@supabase/functions-js": {
      "version": "2.4.1",
      "resolved": "https://registry.npmjs.org/@supabase/functions-js/-/functions-js-2.4.1.tgz",
      "integrity": "sha512-5nR4eHuH2lbCKwOdwRSLcUh1Y5r7RhzaFyqg6OPvSKwEr0rJrQYDsAW7BhqNLN3sKJvtDR0bGU3O8fNqxkv7SA=="
    },
    "node_modules/@supabase/postgrest-js": {
      "version": "1.15.0",
      "resolved": "https://registry.npmjs.org/@supabase/postgrest-js/-/postgrest-js-1.15.0.tgz",
      "integrity": "sha512-r8nGLgVx9wbEDXvRj9K5B6lzJb/CJhJp8NaKdN3hpL6K5TlKZRxZhC4dJqPHK5xVuqCFcBN6fJ9PJnpjANGFAQ=="
    },
    "node_modules/@supabase/realtime-js": {
      "version": "2.10.0",
      "resolved": "https://registry.npmjs.org/@supabase/realtime-js/-/realtime-js-2.10.0.tgz",
      "integrity": "sha512-hG9Vc4v8jPTL1kJMnNPuI3SEXNzPTsN3MzHy1L/PN5UDqEV7RVz0Q0Wf/PXLT6LEgSq0g6v3h+iAYILz+/r0g=="
    },
    "node_modules/@supabase/storage-js": {
      "version": "2.7.0",
      "resolved": "https://registry.npmjs.org/@supabase/storage-js/-/storage-js-2.7.0.tgz",
      "integrity": "sha512-OchQjAYWc8M+T9ggDNqI3r/Dz3k3JxYgZmMXp9qWgSk6B6ztNS9Np7vt/0nM1wPWHxO/VhJVT9wqUhIUfN/Yw=="
    },
    "node_modules/vite": {
      "version": "5.4.10",
      "resolved": "https://registry.npmjs.org/vite/-/vite-5.4.10.tgz",
      "integrity": "sha512-ICcuuB/E3qJLXP9FJ1kJvoxkTVAGnzDy5wCr2L9w7W3CW/1HQMHK7IY0JC2KiFXLGXuOVpOGbYU6+3EfxgH0Xw==",
      "dev": true,
      "bin": {
        "vite": "bin/vite.js"
      },
      "engines": {
        "node": "^18.0.0 || >=20.0.0"
      },
      "funding": {
        "url": "https://github.com/sponsors/posva"
      },
      "peerDependencies": {
        "@types/node": "^18.11.9 || ^19.2.1 || >=20",
        "less": "*",
        "lightningcss": "*",
        "sass": "*",
        "stylus": "*",
        "sugarss": "*",
        "terser": "*"
      },
      "peerDependenciesOptional": {
        "@types/node": "*",
        "less": "*",
        "lightningcss": "*",
        "sass": "*",
        "stylus": "*",
        "sugarss": "*",
        "terser": "*"
      }
    }
  }
}
